
Microsoft Visual Studio Solution File, Format Version 12.00
# Visual Studio Version 16
VisualStudioVersion = 16.0.30503.244
MinimumVisualStudioVersion = 10.0.40219.1
Project("{FAE04EC0-301F-11D3-BF4B-00C04F79EFBC}") = "Trabalho", "Trabalho.csproj", "{89B33102-2FAC-4F0C-9720-870926D01437}"
EndProject
Global
	GlobalSection(SolutionConfigurationPlatforms) = preSolution
		Debug|Any CPU = Debug|Any CPU
		Release|Any CPU = Release|Any CPU
	EndGlobalSection
	GlobalSection(ProjectConfigurationPlatforms) = postSolution
		{89B33102-2FAC-4F0C-9720-870926D01437}.Debug|Any CPU.ActiveCfg = Debug|Any CPU
		{89B33102-2FAC-4F0C-9720-870926D01437}.Debug|Any CPU.Build.0 = Debug|Any CPU
		{89B33102-2FAC-4F0C-9720-870926D01437}.Release|Any CPU.ActiveCfg = Release|Any CPU
		{89B33102-2FAC-4F0C-9720-870926D01437}.Release|Any CPU.Build.0 = Release|Any CPU
	EndGlobalSection
	GlobalSection(SolutionProperties) = preSolution
		HideSolutionNode = FALSE
	EndGlobalSection
	GlobalSection(ExtensibilityGlobals) = postSolution
		SolutionGuid = {18C3DE49-5279-4E66-938A-142E4B4D373E}
	EndGlobalSection
EndGlobal
